
Microsoft Visual Studio Solution File, Format Version 11.00
# Visual Studio 2010
Project("{FAE04EC0-301F-11D3-BF4B-00C04F79EFBC}") = "SimpleBlog_MVC4.Web", "SimpleBlog_MVC4\SimpleBlog_MVC4.Web.csproj", "{E842EC2D-BE38-4D22-A240-9558F53F7E87}"
EndProject
Project("{FAE04EC0-301F-11D3-BF4B-00C04F79EFBC}") = "SimpleBlog_MVC4.UnitTests", "SimpleBlog_MVC4.UnitTests\SimpleBlog_MVC4.UnitTests.csproj", "{976B9A04-671D-4887-8A2D-D4A8334A31A5}"
EndProject
Project("{FAE04EC0-301F-11D3-BF4B-00C04F79EFBC}") = "SimpleBlog_MVC4.Domain", "SimpleBlog_MVC4.Domain\SimpleBlog_MVC4.Domain.csproj", "{9F372124-694F-467A-A396-343144517574}"
EndProject
Project("{FAE04EC0-301F-11D3-BF4B-00C04F79EFBC}") = "SimpleBlog_MVC4.Core", "SimpleBlog_MVC4.Services\SimpleBlog_MVC4.Core.csproj", "{4D0C7C50-930A-41AE-91DF-CFE778224DD9}"
EndProject
Global
	GlobalSection(SolutionConfigurationPlatforms) = preSolution
		Debug|Any CPU = Debug|Any CPU
		Release|Any CPU = Release|Any CPU
	EndGlobalSection
	GlobalSection(ProjectConfigurationPlatforms) = postSolution
		{E842EC2D-BE38-4D22-A240-9558F53F7E87}.Debug|Any CPU.ActiveCfg = Debug|Any CPU
		{E842EC2D-BE38-4D22-A240-9558F53F7E87}.Debug|Any CPU.Build.0 = Debug|Any CPU
		{E842EC2D-BE38-4D22-A240-9558F53F7E87}.Release|Any CPU.ActiveCfg = Release|Any CPU
		{E842EC2D-BE38-4D22-A240-9558F53F7E87}.Release|Any CPU.Build.0 = Release|Any CPU
		{976B9A04-671D-4887-8A2D-D4A8334A31A5}.Debug|Any CPU.ActiveCfg = Debug|Any CPU
		{976B9A04-671D-4887-8A2D-D4A8334A31A5}.Debug|Any CPU.Build.0 = Debug|Any CPU
		{976B9A04-671D-4887-8A2D-D4A8334A31A5}.Release|Any CPU.ActiveCfg = Release|Any CPU
		{976B9A04-671D-4887-8A2D-D4A8334A31A5}.Release|Any CPU.Build.0 = Release|Any CPU
		{9F372124-694F-467A-A396-343144517574}.Debug|Any CPU.ActiveCfg = Debug|Any CPU
		{9F372124-694F-467A-A396-343144517574}.Debug|Any CPU.Build.0 = Debug|Any CPU
		{9F372124-694F-467A-A396-343144517574}.Release|Any CPU.ActiveCfg = Release|Any CPU
		{9F372124-694F-467A-A396-343144517574}.Release|Any CPU.Build.0 = Release|Any CPU
		{4D0C7C50-930A-41AE-91DF-CFE778224DD9}.Debug|Any CPU.ActiveCfg = Debug|Any CPU
		{4D0C7C50-930A-41AE-91DF-CFE778224DD9}.Debug|Any CPU.Build.0 = Debug|Any CPU
		{4D0C7C50-930A-41AE-91DF-CFE778224DD9}.Release|Any CPU.ActiveCfg = Release|Any CPU
		{4D0C7C50-930A-41AE-91DF-CFE778224DD9}.Release|Any CPU.Build.0 = Release|Any CPU
	EndGlobalSection
	GlobalSection(SolutionProperties) = preSolution
		HideSolutionNode = FALSE
	EndGlobalSection
EndGlobal
